// !$*UTF8*$!
{
	archiveVersion = 1;
	classes = {
	};
	objectVersion = 46;
	objects = {

/* Begin PBXBuildFile section */
		286B91DF1E13AA5B007B5CAE /* main.m in Sources */ = {isa = PBXBuildFile; fileRef = 286B91DE1E13AA5B007B5CAE /* main.m */; };
		286B91E21E13AA5B007B5CAE /* AppDelegate.m in Sources */ = {isa = PBXBuildFile; fileRef = 286B91E11E13AA5B007B5CAE /* AppDelegate.m */; };
		286B91E51E13AA5B007B5CAE /* ViewController.m in Sources */ = {isa = PBXBuildFile; fileRef = 286B91E41E13AA5B007B5CAE /* ViewController.m */; };
		286B91E81E13AA5B007B5CAE /* Main.storyboard in Resources */ = {isa = PBXBuildFile; fileRef = 286B91E61E13AA5B007B5CAE /* Main.storyboard */; };
		286B91EA1E13AA5B007B5CAE /* Assets.xcassets in Resources */ = {isa = PBXBuildFile; fileRef = 286B91E91E13AA5B007B5CAE /* Assets.xcassets */; };
		286B91ED1E13AA5B007B5CAE /* LaunchScreen.storyboard in Resources */ = {isa = PBXBuildFile; fileRef = 286B91EB1E13AA5B007B5CAE /* LaunchScreen.storyboard */; };
		286B91F81E13AA5B007B5CAE /* git____Tests.m in Sources */ = {isa = PBXBuildFile; fileRef = 286B91F71E13AA5B007B5CAE /* git____Tests.m */; };
		286B92031E13AA5B007B5CAE /* git____UITests.m in Sources */ = {isa = PBXBuildFile; fileRef = 286B92021E13AA5B007B5CAE /* git____UITests.m */; };
/* End PBXBuildFile section */

/* Begin PBXContainerItemProxy section */
		286B91F41E13AA5B007B5CAE /* PBXContainerItemProxy */ = {
			isa = PBXContainerItemProxy;
			containerPortal = 286B91D21E13AA5B007B5CAE /* Project object */;
			proxyType = 1;
			remoteGlobalIDString = 286B91D91E13AA5B007B5CAE;
			remoteInfo = "git练习项目";
		};
		286B91FF1E13AA5B007B5CAE /* PBXContainerItemProxy */ = {
			isa = PBXContainerItemProxy;
			containerPortal = 286B91D21E13AA5B007B5CAE /* Project object */;
			proxyType = 1;
			remoteGlobalIDString = 286B91D91E13AA5B007B5CAE;
			remoteInfo = "git练习项目";
		};
/* End PBXContainerItemProxy section */

/* Begin PBXFileReference section */
		286B91DA1E13AA5B007B5CAE /* git练习项目.app */ = {isa = PBXFileReference; explicitFileType = wrapper.application; includeInIndex = 0; path = "git练习项目.app"; sourceTree = BUILT_PRODUCTS_DIR; };
		286B91DE1E13AA5B007B5CAE /* main.m */ = {isa = PBXFileReference; lastKnownFileType = sourcecode.c.objc; path = main.m; sourceTree = "<group>"; };
		286B91E01E13AA5B007B5CAE /* AppDelegate.h */ = {isa = PBXFileReference; lastKnownFileType = sourcecode.c.h; path = AppDelegate.h; sourceTree = "<group>"; };
		286B91E11E13AA5B007B5CAE /* AppDelegate.m */ = {isa = PBXFileReference; lastKnownFileType = sourcecode.c.objc; path = AppDelegate.m; sourceTree = "<group>"; };
		286B91E31E13AA5B007B5CAE /* ViewController.h */ = {isa = PBXFileReference; lastKnownFileType = sourcecode.c.h; path = ViewController.h; sourceTree = "<group>"; };
		286B91E41E13AA5B007B5CAE /* ViewController.m */ = {isa = PBXFileReference; lastKnownFileType = sourcecode.c.objc; path = ViewController.m; sourceTree = "<group>"; };
		286B91E71E13AA5B007B5CAE /* Base */ = {isa = PBXFileReference; lastKnownFileType = file.storyboard; name = Base; path = Base.lproj/Main.storyboard; sourceTree = "<group>"; };
		286B91E91E13AA5B007B5CAE /* Assets.xcassets */ = {isa = PBXFileReference; lastKnownFileType = folder.assetcatalog; path = Assets.xcassets; sourceTree = "<group>"; };
		286B91EC1E13AA5B007B5CAE /* Base */ = {isa = PBXFileReference; lastKnownFileType = file.storyboard; name = Base; path = Base.lproj/LaunchScreen.storyboard; sourceTree = "<group>"; };
		286B91EE1E13AA5B007B5CAE /* Info.plist */ = {isa = PBXFileReference; lastKnownFileType = text.plist.xml; path = Info.plist; sourceTree = "<group>"; };
		286B91F31E13AA5B007B5CAE /* git练习项目Tests.xctest */ = {isa = PBXFileReference; explicitFileType = wrapper.cfbundle; includeInIndex = 0; path = "git练习项目Tests.xctest"; sourceTree = BUILT_PRODUCTS_DIR; };
		286B91F71E13AA5B007B5CAE /* git____Tests.m */ = {isa = PBXFileReference; lastKnownFileType = sourcecode.c.objc; path = "git____Tests.m"; sourceTree = "<group>"; };
		286B91F91E13AA5B007B5CAE /* Info.plist */ = {isa = PBXFileReference; lastKnownFileType = text.plist.xml; path = Info.plist; sourceTree = "<group>"; };
		286B91FE1E13AA5B007B5CAE /* git练习项目UITests.xctest */ = {isa = PBXFileReference; explicitFileType = wrapper.cfbundle; includeInIndex = 0; path = "git练习项目UITests.xctest"; sourceTree = BUILT_PRODUCTS_DIR; };
		286B92021E13AA5B007B5CAE /* git____UITests.m */ = {isa = PBXFileReference; lastKnownFileType = sourcecode.c.objc; path = "git____UITests.m"; sourceTree = "<group>"; };
		286B92041E13AA5B007B5CAE /* Info.plist */ = {isa = PBXFileReference; lastKnownFileType = text.plist.xml; path = Info.plist; sourceTree = "<group>"; };
/* End PBXFileReference section */

/* Begin PBXFrameworksBuildPhase section */
		286B91D71E13AA5B007B5CAE /* Frameworks */ = {
			isa = PBXFrameworksBuildPhase;
			buildActionMask = 2147483647;
			files = (
			);
			runOnlyForDeploymentPostprocessing = 0;
		};
		286B91F01E13AA5B007B5CAE /* Frameworks */ = {
			isa = PBXFrameworksBuildPhase;
			buildActionMask = 2147483647;
			files = (
			);
			runOnlyForDeploymentPostprocessing = 0;
		};
		286B91FB1E13AA5B007B5CAE /* Frameworks */ = {
			isa = PBXFrameworksBuildPhase;
			buildActionMask = 2147483647;
			files = (
			);
			runOnlyForDeploymentPostprocessing = 0;
		};
/* End PBXFrameworksBuildPhase section */

/* Begin PBXGroup section */
		286B91D11E13AA5B007B5CAE = {
			isa = PBXGroup;
			children = (
				286B91DC1E13AA5B007B5CAE /* git练习项目 */,
				286B91F61E13AA5B007B5CAE /* git练习项目Tests */,
				286B92011E13AA5B007B5CAE /* git练习项目UITests */,
				286B91DB1E13AA5B007B5CAE /* Products */,
			);
			sourceTree = "<group>";
		};
		286B91DB1E13AA5B007B5CAE /* Products */ = {
			isa = PBXGroup;
			children = (
				286B91DA1E13AA5B007B5CAE /* git练习项目.app */,
				286B91F31E13AA5B007B5CAE /* git练习项目Tests.xctest */,
				286B91FE1E13AA5B007B5CAE /* git练习项目UITests.xctest */,
			);
			name = Products;
			sourceTree = "<group>";
		};
		286B91DC1E13AA5B007B5CAE /* git练习项目 */ = {
			isa = PBXGroup;
			children = (
				286B91E01E13AA5B007B5CAE /* AppDelegate.h */,
				286B91E11E13AA5B007B5CAE /* AppDelegate.m */,
				286B91E31E13AA5B007B5CAE /* ViewController.h */,
				286B91E41E13AA5B007B5CAE /* ViewController.m */,
				286B91E61E13AA5B007B5CAE /* Main.storyboard */,
				286B91E91E13AA5B007B5CAE /* Assets.xcassets */,
				286B91EB1E13AA5B007B5CAE /* LaunchScreen.storyboard */,
				286B91EE1E13AA5B007B5CAE /* Info.plist */,
				286B91DD1E13AA5B007B5CAE /* Supporting Files */,
			);
			path = "git练习项目";
			sourceTree = "<group>";
		};
		286B91DD1E13AA5B007B5CAE /* Supporting Files */ = {
			isa = PBXGroup;
			children = (
				286B91DE1E13AA5B007B5CAE /* main.m */,
			);
			name = "Supporting Files";
			sourceTree = "<group>";
		};
		286B91F61E13AA5B007B5CAE /* git练习项目Tests */ = {
			isa = PBXGroup;
			children = (
				286B91F71E13AA5B007B5CAE /* git____Tests.m */,
				286B91F91E13AA5B007B5CAE /* Info.plist */,
			);
			path = "git练习项目Tests";
			sourceTree = "<group>";
		};
		286B92011E13AA5B007B5CAE /* git练习项目UITests */ = {
			isa = PBXGroup;
			children = (
				286B92021E13AA5B007B5CAE /* git____UITests.m */,
				286B92041E13AA5B007B5CAE /* Info.plist */,
			);
			path = "git练习项目UITests";
			sourceTree = "<group>";
		};
/* End PBXGroup section */

/* Begin PBXNativeTarget section */
		286B91D91E13AA5B007B5CAE /* git练习项目 */ = {
			isa = PBXNativeTarget;
			buildConfigurationList = 286B92071E13AA5B007B5CAE /* Build configuration list for PBXNativeTarget "git练习项目" */;
			buildPhases = (
				286B91D61E13AA5B007B5CAE /* Sources */,
				286B91D71E13AA5B007B5CAE /* Frameworks */,
				286B91D81E13AA5B007B5CAE /* Resources */,
			);
			buildRules = (
			);
			dependencies = (
			);
			name = "git练习项目";
			productName = "git练习项目";
			productReference = 286B91DA1E13AA5B007B5CAE /* git练习项目.app */;
			productType = "com.apple.product-type.application";
		};
		286B91F21E13AA5B007B5CAE /* git练习项目Tests */ = {
			isa = PBXNativeTarget;
			buildConfigurationList = 286B920A1E13AA5B007B5CAE /* Build configuration list for PBXNativeTarget "git练习项目Tests" */;
			buildPhases = (
				286B91EF1E13AA5B007B5CAE /* Sources */,
				286B91F01E13AA5B007B5CAE /* Frameworks */,
				286B91F11E13AA5B007B5CAE /* Resources */,
			);
			buildRules = (
			);
			dependencies = (
				286B91F51E13AA5B007B5CAE /* PBXTargetDependency */,
			);
			name = "git练习项目Tests";
			productName = "git练习项目Tests";
			productReference = 286B91F31E13AA5B007B5CAE /* git练习项目Tests.xctest */;
			productType = "com.apple.product-type.bundle.unit-test";
		};
		286B91FD1E13AA5B007B5CAE /* git练习项目UITests */ = {
			isa = PBXNativeTarget;
			buildConfigurationList = 286B920D1E13AA5B007B5CAE /* Build configuration list for PBXNativeTarget "git练习项目UITests" */;
			buildPhases = (
				286B91FA1E13AA5B007B5CAE /* Sources */,
				286B91FB1E13AA5B007B5CAE /* Frameworks */,
				286B91FC1E13AA5B007B5CAE /* Resources */,
			);
			buildRules = (
			);
			dependencies = (
				286B92001E13AA5B007B5CAE /* PBXTargetDependency */,
			);
			name = "git练习项目UITests";
			productName = "git练习项目UITests";
			productReference = 286B91FE1E13AA5B007B5CAE /* git练习项目UITests.xctest */;
			productType = "com.apple.product-type.bundle.ui-testing";
		};
/* End PBXNativeTarget section */

/* Begin PBXProject section */
		286B91D21E13AA5B007B5CAE /* Project object */ = {
			isa = PBXProject;
			attributes = {
				LastUpgradeCheck = 0800;
				ORGANIZATIONNAME = RenXiangDong;
				TargetAttributes = {
					286B91D91E13AA5B007B5CAE = {
						CreatedOnToolsVersion = 8.0;
						ProvisioningStyle = Automatic;
					};
					286B91F21E13AA5B007B5CAE = {
						CreatedOnToolsVersion = 8.0;
						ProvisioningStyle = Automatic;
						TestTargetID = 286B91D91E13AA5B007B5CAE;
					};
					286B91FD1E13AA5B007B5CAE = {
						CreatedOnToolsVersion = 8.0;
						ProvisioningStyle = Automatic;
						TestTargetID = 286B91D91E13AA5B007B5CAE;
					};
				};
			};
			buildConfigurationList = 286B91D51E13AA5B007B5CAE /* Build configuration list for PBXProject "git练习项目" */;
			compatibilityVersion = "Xcode 3.2";
			developmentRegion = English;
			hasScannedForEncodings = 0;
			knownRegions = (
				en,
				Base,
			);
			mainGroup = 286B91D11E13AA5B007B5CAE;
			productRefGroup = 286B91DB1E13AA5B007B5CAE /* Products */;
			projectDirPath = "";
			projectRoot = "";
			targets = (
				286B91D91E13AA5B007B5CAE /* git练习项目 */,
				286B91F21E13AA5B007B5CAE /* git练习项目Tests */,
				286B91FD1E13AA5B007B5CAE /* git练习项目UITests */,
			);
		};
/* End PBXProject section */

/* Begin PBXResourcesBuildPhase section */
		286B91D81E13AA5B007B5CAE /* Resources */ = {
			isa = PBXResourcesBuildPhase;
			buildActionMask = 2147483647;
			files = (
				286B91ED1E13AA5B007B5CAE /* LaunchScreen.storyboard in Resources */,
				286B91EA1E13AA5B007B5CAE /* Assets.xcassets in Resources */,
				286B91E81E13AA5B007B5CAE /* Main.storyboard in Resources */,
			);
			runOnlyForDeploymentPostprocessing = 0;
		};
		286B91F11E13AA5B007B5CAE /* Resources */ = {
			isa = PBXResourcesBuildPhase;
			buildActionMask = 2147483647;
			files = (
			);
			runOnlyForDeploymentPostprocessing = 0;
		};
		286B91FC1E13AA5B007B5CAE /* Resources */ = {
			isa = PBXResourcesBuildPhase;
			buildActionMask = 2147483647;
			files = (
			);
			runOnlyForDeploymentPostprocessing = 0;
		};
/* End PBXResourcesBuildPhase section */

/* Begin PBXSourcesBuildPhase section */
		286B91D61E13AA5B007B5CAE /* Sources */ = {
			isa = PBXSourcesBuildPhase;
			buildActionMask = 2147483647;
			files = (
				286B91E51E13AA5B007B5CAE /* ViewController.m in Sources */,
				286B91E21E13AA5B007B5CAE /* AppDelegate.m in Sources */,
				286B91DF1E13AA5B007B5CAE /* main.m in Sources */,
			);
			runOnlyForDeploymentPostprocessing = 0;
		};
		286B91EF1E13AA5B007B5CAE /* Sources */ = {
			isa = PBXSourcesBuildPhase;
			buildActionMask = 2147483647;
			files = (
				286B91F81E13AA5B007B5CAE /* git____Tests.m in Sources */,
			);
			runOnlyForDeploymentPostprocessing = 0;
		};
		286B91FA1E13AA5B007B5CAE /* Sources */ = {
			isa = PBXSourcesBuildPhase;
			buildActionMask = 2147483647;
			files = (
				286B92031E13AA5B007B5CAE /* git____UITests.m in Sources */,
			);
			runOnlyForDeploymentPostprocessing = 0;
		};
/* End PBXSourcesBuildPhase section */

/* Begin PBXTargetDependency section */
		286B91F51E13AA5B007B5CAE /* PBXTargetDependency */ = {
			isa = PBXTargetDependency;
			target = 286B91D91E13AA5B007B5CAE /* git练习项目 */;
			targetProxy = 286B91F41E13AA5B007B5CAE /* PBXContainerItemProxy */;
		};
		286B92001E13AA5B007B5CAE /* PBXTargetDependency */ = {
			isa = PBXTargetDependency;
			target = 286B91D91E13AA5B007B5CAE /* git练习项目 */;
			targetProxy = 286B91FF1E13AA5B007B5CAE /* PBXContainerItemProxy */;
		};
/* End PBXTargetDependency section */

/* Begin PBXVariantGroup section */
		286B91E61E13AA5B007B5CAE /* Main.storyboard */ = {
			isa = PBXVariantGroup;
			children = (
				286B91E71E13AA5B007B5CAE /* Base */,
			);
			name = Main.storyboard;
			sourceTree = "<group>";
		};
		286B91EB1E13AA5B007B5CAE /* LaunchScreen.storyboard */ = {
			isa = PBXVariantGroup;
			children = (
				286B91EC1E13AA5B007B5CAE /* Base */,
			);
			name = LaunchScreen.storyboard;
			sourceTree = "<group>";
		};
/* End PBXVariantGroup section */

/* Begin XCBuildConfiguration section */
		286B92051E13AA5B007B5CAE /* Debug */ = {
			isa = XCBuildConfiguration;
			buildSettings = {
				ALWAYS_SEARCH_USER_PATHS = NO;
				CLANG_ANALYZER_NONNULL = YES;
				CLANG_CXX_LANGUAGE_STANDARD = "gnu++0x";
				CLANG_CXX_LIBRARY = "libc++";
				CLANG_ENABLE_MODULES = YES;
				CLANG_ENABLE_OBJC_ARC = YES;
				CLANG_WARN_BOOL_CONVERSION = YES;
				CLANG_WARN_CONSTANT_CONVERSION = YES;
				CLANG_WARN_DIRECT_OBJC_ISA_USAGE = YES_ERROR;
				CLANG_WARN_DOCUMENTATION_COMMENTS = YES;
				CLANG_WARN_EMPTY_BODY = YES;
				CLANG_WARN_ENUM_CONVERSION = YES;
				CLANG_WARN_INFINITE_RECURSION = YES;
				CLANG_WARN_INT_CONVERSION = YES;
				CLANG_WARN_OBJC_ROOT_CLASS = YES_ERROR;
				CLANG_WARN_SUSPICIOUS_MOVES = YES;
				CLANG_WARN_UNREACHABLE_CODE = YES;
				CLANG_WARN__DUPLICATE_METHOD_MATCH = YES;
				"CODE_SIGN_IDENTITY[sdk=iphoneos*]" = "iPhone Developer";
				COPY_PHASE_STRIP = NO;
				DEBUG_INFORMATION_FORMAT = dwarf;
				ENABLE_STRICT_OBJC_MSGSEND = YES;
				ENABLE_TESTABILITY = YES;
				GCC_C_LANGUAGE_STANDARD = gnu99;
				GCC_DYNAMIC_NO_PIC = NO;
				GCC_NO_COMMON_BLOCKS = YES;
				GCC_OPTIMIZATION_LEVEL = 0;
				GCC_PREPROCESSOR_DEFINITIONS = (
					"DEBUG=1",
					"$(inherited)",
				);
				GCC_WARN_64_TO_32_BIT_CONVERSION = YES;
				GCC_WARN_ABOUT_RETURN_TYPE = YES_ERROR;
				GCC_WARN_UNDECLARED_SELECTOR = YES;
				GCC_WARN_UNINITIALIZED_AUTOS = YES_AGGRESSIVE;
				GCC_WARN_UNUSED_FUNCTION = YES;
				GCC_WARN_UNUSED_VARIABLE = YES;
				IPHONEOS_DEPLOYMENT_TARGET = 10.0;
				MTL_ENABLE_DEBUG_INFO = YES;
				ONLY_ACTIVE_ARCH = YES;
				SDKROOT = iphoneos;
			};
			name = Debug;
		};
		286B92061E13AA5B007B5CAE /* Release */ = {
			isa = XCBuildConfiguration;
			buildSettings = {
				ALWAYS_SEARCH_USER_PATHS = NO;
				CLANG_ANALYZER_NONNULL = YES;
				CLANG_CXX_LANGUAGE_STANDARD = "gnu++0x";
				CLANG_CXX_LIBRARY = "libc++";
				CLANG_ENABLE_MODULES = YES;
				CLANG_ENABLE_OBJC_ARC = YES;
				CLANG_WARN_BOOL_CONVERSION = YES;
				CLANG_WARN_CONSTANT_CONVERSION = YES;
				CLANG_WARN_DIRECT_OBJC_ISA_USAGE = YES_ERROR;
				CLANG_WARN_DOCUMENTATION_COMMENTS = YES;
				CLANG_WARN_EMPTY_BODY = YES;
				CLANG_WARN_ENUM_CONVERSION = YES;
				CLANG_WARN_INFINITE_RECURSION = YES;
				CLANG_WARN_INT_CONVERSION = YES;
				CLANG_WARN_OBJC_ROOT_CLASS = YES_ERROR;
				CLANG_WARN_SUSPICIOUS_MOVES = YES;
				CLANG_WARN_UNREACHABLE_CODE = YES;
				CLANG_WARN__DUPLICATE_METHOD_MATCH = YES;
				"CODE_SIGN_IDENTITY[sdk=iphoneos*]" = "iPhone Developer";
				COPY_PHASE_STRIP = NO;
				DEBUG_INFORMATION_FORMAT = "dwarf-with-dsym";
				ENABLE_NS_ASSERTIONS = NO;
				ENABLE_STRICT_OBJC_MSGSEND = YES;
				GCC_C_LANGUAGE_STANDARD = gnu99;
				GCC_NO_COMMON_BLOCKS = YES;
				GCC_WARN_64_TO_32_BIT_CONVERSION = YES;
				GCC_WARN_ABOUT_RETURN_TYPE = YES_ERROR;
				GCC_WARN_UNDECLARED_SELECTOR = YES;
				GCC_WARN_UNINITIALIZED_AUTOS = YES_AGGRESSIVE;
				GCC_WARN_UNUSED_FUNCTION = YES;
				GCC_WARN_UNUSED_VARIABLE = YES;
				IPHONEOS_DEPLOYMENT_TARGET = 10.0;
				MTL_ENABLE_DEBUG_INFO = NO;
				SDKROOT = iphoneos;
				VALIDATE_PRODUCT = YES;
			};
			name = Release;
		};
		286B92081E13AA5B007B5CAE /* Debug */ = {
			isa = XCBuildConfiguration;
			buildSettings = {
				ASSETCATALOG_COMPILER_APPICON_NAME = AppIcon;
				INFOPLIST_FILE = "git练习项目/Info.plist";
				LD_RUNPATH_SEARCH_PATHS = "$(inherited) @executable_path/Frameworks";
				PRODUCT_BUNDLE_IDENTIFIER = "XM.git----";
				PRODUCT_NAME = "$(TARGET_NAME)";
			};
			name = Debug;
		};
		286B92091E13AA5B007B5CAE /* Release */ = {
			isa = XCBuildConfiguration;
			buildSettings = {
				ASSETCATALOG_COMPILER_APPICON_NAME = AppIcon;
				INFOPLIST_FILE = "git练习项目/Info.plist";
				LD_RUNPATH_SEARCH_PATHS = "$(inherited) @executable_path/Frameworks";
				PRODUCT_BUNDLE_IDENTIFIER = "XM.git----";
				PRODUCT_NAME = "$(TARGET_NAME)";
			};
			name = Release;
		};
		286B920B1E13AA5B007B5CAE /* Debug */ = {
			isa = XCBuildConfiguration;
			buildSettings = {
				BUNDLE_LOADER = "$(TEST_HOST)";
				INFOPLIST_FILE = "git练习项目Tests/Info.plist";
				LD_RUNPATH_SEARCH_PATHS = "$(inherited) @executable_path/Frameworks @loader_path/Frameworks";
				PRODUCT_BUNDLE_IDENTIFIER = "XM.git----Tests";
				PRODUCT_NAME = "$(TARGET_NAME)";
				TEST_HOST = "$(BUILT_PRODUCTS_DIR)/git练习项目.app/git练习项目";
			};
			name = Debug;
		};
		286B920C1E13AA5B007B5CAE /* Release */ = {
			isa = XCBuildConfiguration;
			buildSettings = {
				BUNDLE_LOADER = "$(TEST_HOST)";
				INFOPLIST_FILE = "git练习项目Tests/Info.plist";
				LD_RUNPATH_SEARCH_PATHS = "$(inherited) @executable_path/Frameworks @loader_path/Frameworks";
				PRODUCT_BUNDLE_IDENTIFIER = "XM.git----Tests";
				PRODUCT_NAME = "$(TARGET_NAME)";
				TEST_HOST = "$(BUILT_PRODUCTS_DIR)/git练习项目.app/git练习项目";
			};
			name = Release;
		};
		286B920E1E13AA5B007B5CAE /* Debug */ = {
			isa = XCBuildConfiguration;
			buildSettings = {
				INFOPLIST_FILE = "git练习项目UITests/Info.plist";
				LD_RUNPATH_SEARCH_PATHS = "$(inherited) @executable_path/Frameworks @loader_path/Frameworks";
				PRODUCT_BUNDLE_IDENTIFIER = "XM.git----UITests";
				PRODUCT_NAME = "$(TARGET_NAME)";
				TEST_TARGET_NAME = "git练习项目";
			};
			name = Debug;
		};
		286B920F1E13AA5B007B5CAE /* Release */ = {
			isa = XCBuildConfiguration;
			buildSettings = {
				INFOPLIST_FILE = "git练习项目UITests/Info.plist";
				LD_RUNPATH_SEARCH_PATHS = "$(inherited) @executable_path/Frameworks @loader_path/Frameworks";
				PRODUCT_BUNDLE_IDENTIFIER = "XM.git----UITests";
				PRODUCT_NAME = "$(TARGET_NAME)";
				TEST_TARGET_NAME = "git练习项目";
			};
			name = Release;
		};
/* End XCBuildConfiguration section */

/* Begin XCConfigurationList section */
		286B91D51E13AA5B007B5CAE /* Build configuration list for PBXProject "git练习项目" */ = {
			isa = XCConfigurationList;
			buildConfigurations = (
				286B92051E13AA5B007B5CAE /* Debug */,
				286B92061E13AA5B007B5CAE /* Release */,
			);
			defaultConfigurationIsVisible = 0;
			defaultConfigurationName = Release;
		};
		286B92071E13AA5B007B5CAE /* Build configuration list for PBXNativeTarget "git练习项目" */ = {
			isa = XCConfigurationList;
			buildConfigurations = (
				286B92081E13AA5B007B5CAE /* Debug */,
				286B92091E13AA5B007B5CAE /* Release */,
			);
			defaultConfigurationIsVisible = 0;
			defaultConfigurationName = Release;
		};
		286B920A1E13AA5B007B5CAE /* Build configuration list for PBXNativeTarget "git练习项目Tests" */ = {
			isa = XCConfigurationList;
			buildConfigurations = (
				286B920B1E13AA5B007B5CAE /* Debug */,
				286B920C1E13AA5B007B5CAE /* Release */,
			);
			defaultConfigurationIsVisible = 0;
			defaultConfigurationName = Release;
		};
		286B920D1E13AA5B007B5CAE /* Build configuration list for PBXNativeTarget "git练习项目UITests" */ = {
			isa = XCConfigurationList;
			buildConfigurations = (
				286B920E1E13AA5B007B5CAE /* Debug */,
				286B920F1E13AA5B007B5CAE /* Release */,
			);
			defaultConfigurationIsVisible = 0;
			defaultConfigurationName = Release;
		};
/* End XCConfigurationList section */
	};
	rootObject = 286B91D21E13AA5B007B5CAE /* Project object */;
}
